// !$*UTF8*$!
{
	archiveVersion = 1;
	classes = {
	};
	objectVersion = 50;
	objects = {

/* Begin PBXBuildFile section */
		1C13A0BC23544A7400194A89 /* main.m in Sources */ = {isa = PBXBuildFile; fileRef = 1C13A0BB23544A7400194A89 /* main.m */; };
		1C13A0CF2356BCE800194A89 /* ZZVideoExporter.m in Sources */ = {isa = PBXBuildFile; fileRef = 1C13A0CE2356BCE800194A89 /* ZZVideoExporter.m */; };
		1C13A0D92356C3B800194A89 /* AppDelegate.m in Sources */ = {isa = PBXBuildFile; fileRef = 1C13A0D82356C3B800194A89 /* AppDelegate.m */; };
		1C13A0DC2356C3B800194A89 /* ViewController.m in Sources */ = {isa = PBXBuildFile; fileRef = 1C13A0DB2356C3B800194A89 /* ViewController.m */; };
		1C13A0DE2356C3BA00194A89 /* Assets.xcassets in Resources */ = {isa = PBXBuildFile; fileRef = 1C13A0DD2356C3BA00194A89 /* Assets.xcassets */; };
		1C13A0E12356C3BA00194A89 /* Main.storyboard in Resources */ = {isa = PBXBuildFile; fileRef = 1C13A0DF2356C3BA00194A89 /* Main.storyboard */; };
		1C13A0E42356C3BA00194A89 /* main.m in Sources */ = {isa = PBXBuildFile; fileRef = 1C13A0E32356C3BA00194A89 /* main.m */; };
		1C13A0EB2356C64B00194A89 /* ZZDragFileView.m in Sources */ = {isa = PBXBuildFile; fileRef = 1C13A0EA2356C64B00194A89 /* ZZDragFileView.m */; };
		1C13A0EC2356EA4B00194A89 /* ZZVideoExporter.m in Sources */ = {isa = PBXBuildFile; fileRef = 1C13A0CE2356BCE800194A89 /* ZZVideoExporter.m */; };
		1C13A0EF2356F0A900194A89 /* AVFoundation.framework in Frameworks */ = {isa = PBXBuildFile; fileRef = 1C13A0EE2356F0A900194A89 /* AVFoundation.framework */; };
/* End PBXBuildFile section */

/* Begin PBXCopyFilesBuildPhase section */
		1C13A0B623544A7400194A89 /* CopyFiles */ = {
			isa = PBXCopyFilesBuildPhase;
			buildActionMask = 2147483647;
			dstPath = /usr/share/man/man1/;
			dstSubfolderSpec = 0;
			files = (
			);
			runOnlyForDeploymentPostprocessing = 1;
		};
/* End PBXCopyFilesBuildPhase section */

/* Begin PBXFileReference section */
		1C13A0B823544A7400194A89 /* SimpleVideoExporter */ = {isa = PBXFileReference; explicitFileType = "compiled.mach-o.executable"; includeInIndex = 0; path = SimpleVideoExporter; sourceTree = BUILT_PRODUCTS_DIR; };
		1C13A0BB23544A7400194A89 /* main.m */ = {isa = PBXFileReference; lastKnownFileType = sourcecode.c.objc; path = main.m; sourceTree = "<group>"; };
		1C13A0C223545AA800194A89 /* README.md */ = {isa = PBXFileReference; lastKnownFileType = net.daringfireball.markdown; path = README.md; sourceTree = "<group>"; };
		1C13A0CD2356BCE800194A89 /* ZZVideoExporter.h */ = {isa = PBXFileReference; lastKnownFileType = sourcecode.c.h; path = ZZVideoExporter.h; sourceTree = "<group>"; };
		1C13A0CE2356BCE800194A89 /* ZZVideoExporter.m */ = {isa = PBXFileReference; lastKnownFileType = sourcecode.c.objc; path = ZZVideoExporter.m; sourceTree = "<group>"; };
		1C13A0D52356C3B800194A89 /* SimpleVideoExporterApp.app */ = {isa = PBXFileReference; explicitFileType = wrapper.application; includeInIndex = 0; path = SimpleVideoExporterApp.app; sourceTree = BUILT_PRODUCTS_DIR; };
		1C13A0D72356C3B800194A89 /* AppDelegate.h */ = {isa = PBXFileReference; lastKnownFileType = sourcecode.c.h; path = AppDelegate.h; sourceTree = "<group>"; };
		1C13A0D82356C3B800194A89 /* AppDelegate.m */ = {isa = PBXFileReference; lastKnownFileType = sourcecode.c.objc; path = AppDelegate.m; sourceTree = "<group>"; };
		1C13A0DA2356C3B800194A89 /* ViewController.h */ = {isa = PBXFileReference; lastKnownFileType = sourcecode.c.h; path = ViewController.h; sourceTree = "<group>"; };
		1C13A0DB2356C3B800194A89 /* ViewController.m */ = {isa = PBXFileReference; lastKnownFileType = sourcecode.c.objc; path = ViewController.m; sourceTree = "<group>"; };
		1C13A0DD2356C3BA00194A89 /* Assets.xcassets */ = {isa = PBXFileReference; lastKnownFileType = folder.assetcatalog; path = Assets.xcassets; sourceTree = "<group>"; };
		1C13A0E02356C3BA00194A89 /* Base */ = {isa = PBXFileReference; lastKnownFileType = file.storyboard; name = Base; path = Base.lproj/Main.storyboard; sourceTree = "<group>"; };
		1C13A0E22356C3BA00194A89 /* Info.plist */ = {isa = PBXFileReference; lastKnownFileType = text.plist.xml; path = Info.plist; sourceTree = "<group>"; };
		1C13A0E32356C3BA00194A89 /* main.m */ = {isa = PBXFileReference; lastKnownFileType = sourcecode.c.objc; path = main.m; sourceTree = "<group>"; };
		1C13A0E52356C3BA00194A89 /* SimpleVideoExporterApp.entitlements */ = {isa = PBXFileReference; lastKnownFileType = text.plist.entitlements; path = SimpleVideoExporterApp.entitlements; sourceTree = "<group>"; };
		1C13A0E92356C64B00194A89 /* ZZDragFileView.h */ = {isa = PBXFileReference; lastKnownFileType = sourcecode.c.h; path = ZZDragFileView.h; sourceTree = "<group>"; };
		1C13A0EA2356C64B00194A89 /* ZZDragFileView.m */ = {isa = PBXFileReference; lastKnownFileType = sourcecode.c.objc; path = ZZDragFileView.m; sourceTree = "<group>"; };
		1C13A0EE2356F0A900194A89 /* AVFoundation.framework */ = {isa = PBXFileReference; lastKnownFileType = wrapper.framework; name = AVFoundation.framework; path = System/Library/Frameworks/AVFoundation.framework; sourceTree = SDKROOT; };
/* End PBXFileReference section */

/* Begin PBXFrameworksBuildPhase section */
		1C13A0B523544A7400194A89 /* Frameworks */ = {
			isa = PBXFrameworksBuildPhase;
			buildActionMask = 2147483647;
			files = (
			);
			runOnlyForDeploymentPostprocessing = 0;
		};
		1C13A0D22356C3B800194A89 /* Frameworks */ = {
			isa = PBXFrameworksBuildPhase;
			buildActionMask = 2147483647;
			files = (
				1C13A0EF2356F0A900194A89 /* AVFoundation.framework in Frameworks */,
			);
			runOnlyForDeploymentPostprocessing = 0;
		};
/* End PBXFrameworksBuildPhase section */

/* Begin PBXGroup section */
		1C13A0AF23544A7400194A89 = {
			isa = PBXGroup;
			children = (
				1C13A0C223545AA800194A89 /* README.md */,
				1C13A0BA23544A7400194A89 /* SimpleVideoExporter */,
				1C13A0D62356C3B800194A89 /* SimpleVideoExporterApp */,
				1C13A0B923544A7400194A89 /* Products */,
				1C13A0ED2356F0A900194A89 /* Frameworks */,
			);
			sourceTree = "<group>";
		};
		1C13A0B923544A7400194A89 /* Products */ = {
			isa = PBXGroup;
			children = (
				1C13A0B823544A7400194A89 /* SimpleVideoExporter */,
				1C13A0D52356C3B800194A89 /* SimpleVideoExporterApp.app */,
			);
			name = Products;
			sourceTree = "<group>";
		};
		1C13A0BA23544A7400194A89 /* SimpleVideoExporter */ = {
			isa = PBXGroup;
			children = (
				1C13A0BB23544A7400194A89 /* main.m */,
				1C13A0CD2356BCE800194A89 /* ZZVideoExporter.h */,
				1C13A0CE2356BCE800194A89 /* ZZVideoExporter.m */,
			);
			path = SimpleVideoExporter;
			sourceTree = "<group>";
		};
		1C13A0D62356C3B800194A89 /* SimpleVideoExporterApp */ = {
			isa = PBXGroup;
			children = (
				1C13A0E92356C64B00194A89 /* ZZDragFileView.h */,
				1C13A0EA2356C64B00194A89 /* ZZDragFileView.m */,
				1C13A0D72356C3B800194A89 /* AppDelegate.h */,
				1C13A0D82356C3B800194A89 /* AppDelegate.m */,
				1C13A0DA2356C3B800194A89 /* ViewController.h */,
				1C13A0DB2356C3B800194A89 /* ViewController.m */,
				1C13A0DD2356C3BA00194A89 /* Assets.xcassets */,
				1C13A0DF2356C3BA00194A89 /* Main.storyboard */,
				1C13A0E22356C3BA00194A89 /* Info.plist */,
				1C13A0E32356C3BA00194A89 /* main.m */,
				1C13A0E52356C3BA00194A89 /* SimpleVideoExporterApp.entitlements */,
			);
			path = SimpleVideoExporterApp;
			sourceTree = "<group>";
		};
		1C13A0ED2356F0A900194A89 /* Frameworks */ = {
			isa = PBXGroup;
			children = (
				1C13A0EE2356F0A900194A89 /* AVFoundation.framework */,
			);
			name = Frameworks;
			sourceTree = "<group>";
		};
/* End PBXGroup section */

/* Begin PBXNativeTarget section */
		1C13A0B723544A7400194A89 /* SimpleVideoExporter */ = {
			isa = PBXNativeTarget;
			buildConfigurationList = 1C13A0BF23544A7400194A89 /* Build configuration list for PBXNativeTarget "SimpleVideoExporter" */;
			buildPhases = (
				1C13A0B423544A7400194A89 /* Sources */,
				1C13A0B523544A7400194A89 /* Frameworks */,
				1C13A0B623544A7400194A89 /* CopyFiles */,
			);
			buildRules = (
			);
			dependencies = (
			);
			name = SimpleVideoExporter;
			productName = VideoExporter;
			productReference = 1C13A0B823544A7400194A89 /* SimpleVideoExporter */;
			productType = "com.apple.product-type.tool";
		};
		1C13A0D42356C3B800194A89 /* SimpleVideoExporterApp */ = {
			isa = PBXNativeTarget;
			buildConfigurationList = 1C13A0E62356C3BA00194A89 /* Build configuration list for PBXNativeTarget "SimpleVideoExporterApp" */;
			buildPhases = (
				1C13A0D12356C3B800194A89 /* Sources */,
				1C13A0D22356C3B800194A89 /* Frameworks */,
				1C13A0D32356C3B800194A89 /* Resources */,
			);
			buildRules = (
			);
			dependencies = (
			);
			name = SimpleVideoExporterApp;
			productName = SimpleVideoExporterApp;
			productReference = 1C13A0D52356C3B800194A89 /* SimpleVideoExporterApp.app */;
			productType = "com.apple.product-type.application";
		};
/* End PBXNativeTarget section */

/* Begin PBXProject section */
		1C13A0B023544A7400194A89 /* Project object */ = {
			isa = PBXProject;
			attributes = {
				LastUpgradeCheck = 1030;
				ORGANIZATIONNAME = zjj;
				TargetAttributes = {
					1C13A0B723544A7400194A89 = {
						CreatedOnToolsVersion = 10.3;
					};
					1C13A0D42356C3B800194A89 = {
						CreatedOnToolsVersion = 10.3;
						SystemCapabilities = {
							com.apple.Sandbox = {
								enabled = 1;
							};
						};
					};
				};
			};
			buildConfigurationList = 1C13A0B323544A7400194A89 /* Build configuration list for PBXProject "SimpleVideoExporter" */;
			compatibilityVersion = "Xcode 9.3";
			developmentRegion = en;
			hasScannedForEncodings = 0;
			knownRegions = (
				en,
				Base,
			);
			mainGroup = 1C13A0AF23544A7400194A89;
			productRefGroup = 1C13A0B923544A7400194A89 /* Products */;
			projectDirPath = "";
			projectRoot = "";
			targets = (
				1C13A0B723544A7400194A89 /* SimpleVideoExporter */,
				1C13A0D42356C3B800194A89 /* SimpleVideoExporterApp */,
			);
		};
/* End PBXProject section */

/* Begin PBXResourcesBuildPhase section */
		1C13A0D32356C3B800194A89 /* Resources */ = {
			isa = PBXResourcesBuildPhase;
			buildActionMask = 2147483647;
			files = (
				1C13A0DE2356C3BA00194A89 /* Assets.xcassets in Resources */,
				1C13A0E12356C3BA00194A89 /* Main.storyboard in Resources */,
			);
			runOnlyForDeploymentPostprocessing = 0;
		};
/* End PBXResourcesBuildPhase section */

/* Begin PBXSourcesBuildPhase section */
		1C13A0B423544A7400194A89 /* Sources */ = {
			isa = PBXSourcesBuildPhase;
			buildActionMask = 2147483647;
			files = (
				1C13A0CF2356BCE800194A89 /* ZZVideoExporter.m in Sources */,
				1C13A0BC23544A7400194A89 /* main.m in Sources */,
			);
			runOnlyForDeploymentPostprocessing = 0;
		};
		1C13A0D12356C3B800194A89 /* Sources */ = {
			isa = PBXSourcesBuildPhase;
			buildActionMask = 2147483647;
			files = (
				1C13A0EB2356C64B00194A89 /* ZZDragFileView.m in Sources */,
				1C13A0EC2356EA4B00194A89 /* ZZVideoExporter.m in Sources */,
				1C13A0DC2356C3B800194A89 /* ViewController.m in Sources */,
				1C13A0E42356C3BA00194A89 /* main.m in Sources */,
				1C13A0D92356C3B800194A89 /* AppDelegate.m in Sources */,
			);
			runOnlyForDeploymentPostprocessing = 0;
		};
/* End PBXSourcesBuildPhase section */

/* Begin PBXVariantGroup section */
		1C13A0DF2356C3BA00194A89 /* Main.storyboard */ = {
			isa = PBXVariantGroup;
			children = (
				1C13A0E02356C3BA00194A89 /* Base */,
			);
			name = Main.storyboard;
			sourceTree = "<group>";
		};
/* End PBXVariantGroup section */

/* Begin XCBuildConfiguration section */
		1C13A0BD23544A7400194A89 /* Debug */ = {
			isa = XCBuildConfiguration;
			buildSettings = {
				ALWAYS_SEARCH_USER_PATHS = NO;
				CLANG_ANALYZER_NONNULL = YES;
				CLANG_ANALYZER_NUMBER_OBJECT_CONVERSION = YES_AGGRESSIVE;
				CLANG_CXX_LANGUAGE_STANDARD = "gnu++14";
				CLANG_CXX_LIBRARY = "libc++";
				CLANG_ENABLE_MODULES = YES;
				CLANG_ENABLE_OBJC_ARC = YES;
				CLANG_ENABLE_OBJC_WEAK = YES;
				CLANG_WARN_BLOCK_CAPTURE_AUTORELEASING = YES;
				CLANG_WARN_BOOL_CONVERSION = YES;
				CLANG_WARN_COMMA = YES;
				CLANG_WARN_CONSTANT_CONVERSION = YES;
				CLANG_WARN_DEPRECATED_OBJC_IMPLEMENTATIONS = YES;
				CLANG_WARN_DIRECT_OBJC_ISA_USAGE = YES_ERROR;
				CLANG_WARN_DOCUMENTATION_COMMENTS = YES;
				CLANG_WARN_EMPTY_BODY = YES;
				CLANG_WARN_ENUM_CONVERSION = YES;
				CLANG_WARN_INFINITE_RECURSION = YES;
				CLANG_WARN_INT_CONVERSION = YES;
				CLANG_WARN_NON_LITERAL_NULL_CONVERSION = YES;
				CLANG_WARN_OBJC_IMPLICIT_RETAIN_SELF = YES;
				CLANG_WARN_OBJC_LITERAL_CONVERSION = YES;
				CLANG_WARN_OBJC_ROOT_CLASS = YES_ERROR;
				CLANG_WARN_RANGE_LOOP_ANALYSIS = YES;
				CLANG_WARN_STRICT_PROTOTYPES = YES;
				CLANG_WARN_SUSPICIOUS_MOVE = YES;
				CLANG_WARN_UNGUARDED_AVAILABILITY = YES_AGGRESSIVE;
				CLANG_WARN_UNREACHABLE_CODE = YES;
				CLANG_WARN__DUPLICATE_METHOD_MATCH = YES;
				CODE_SIGN_IDENTITY = "-";
				COPY_PHASE_STRIP = NO;
				DEBUG_INFORMATION_FORMAT = dwarf;
				ENABLE_STRICT_OBJC_MSGSEND = YES;
				ENABLE_TESTABILITY = YES;
				GCC_C_LANGUAGE_STANDARD = gnu11;
				GCC_DYNAMIC_NO_PIC = NO;
				GCC_NO_COMMON_BLOCKS = YES;
				GCC_OPTIMIZATION_LEVEL = 0;
				GCC_PREPROCESSOR_DEFINITIONS = (
					"DEBUG=1",
					"$(inherited)",
				);
				GCC_WARN_64_TO_32_BIT_CONVERSION = YES;
				GCC_WARN_ABOUT_RETURN_TYPE = YES_ERROR;
				GCC_WARN_UNDECLARED_SELECTOR = YES;
				GCC_WARN_UNINITIALIZED_AUTOS = YES_AGGRESSIVE;
				GCC_WARN_UNUSED_FUNCTION = YES;
				GCC_WARN_UNUSED_VARIABLE = YES;
				MACOSX_DEPLOYMENT_TARGET = 10.14;
				MTL_ENABLE_DEBUG_INFO = INCLUDE_SOURCE;
				MTL_FAST_MATH = YES;
				ONLY_ACTIVE_ARCH = YES;
				SDKROOT = macosx;
			};
			name = Debug;
		};
		1C13A0BE23544A7400194A89 /* Release */ = {
			isa = XCBuildConfiguration;
			buildSettings = {
				ALWAYS_SEARCH_USER_PATHS = NO;
				CLANG_ANALYZER_NONNULL = YES;
				CLANG_ANALYZER_NUMBER_OBJECT_CONVERSION = YES_AGGRESSIVE;
				CLANG_CXX_LANGUAGE_STANDARD = "gnu++14";
				CLANG_CXX_LIBRARY = "libc++";
				CLANG_ENABLE_MODULES = YES;
				CLANG_ENABLE_OBJC_ARC = YES;
				CLANG_ENABLE_OBJC_WEAK = YES;
				CLANG_WARN_BLOCK_CAPTURE_AUTORELEASING = YES;
				CLANG_WARN_BOOL_CONVERSION = YES;
				CLANG_WARN_COMMA = YES;
				CLANG_WARN_CONSTANT_CONVERSION = YES;
				CLANG_WARN_DEPRECATED_OBJC_IMPLEMENTATIONS = YES;
				CLANG_WARN_DIRECT_OBJC_ISA_USAGE = YES_ERROR;
				CLANG_WARN_DOCUMENTATION_COMMENTS = YES;
				CLANG_WARN_EMPTY_BODY = YES;
				CLANG_WARN_ENUM_CONVERSION = YES;
				CLANG_WARN_INFINITE_RECURSION = YES;
				CLANG_WARN_INT_CONVERSION = YES;
				CLANG_WARN_NON_LITERAL_NULL_CONVERSION = YES;
				CLANG_WARN_OBJC_IMPLICIT_RETAIN_SELF = YES;
				CLANG_WARN_OBJC_LITERAL_CONVERSION = YES;
				CLANG_WARN_OBJC_ROOT_CLASS = YES_ERROR;
				CLANG_WARN_RANGE_LOOP_ANALYSIS = YES;
				CLANG_WARN_STRICT_PROTOTYPES = YES;
				CLANG_WARN_SUSPICIOUS_MOVE = YES;
				CLANG_WARN_UNGUARDED_AVAILABILITY = YES_AGGRESSIVE;
				CLANG_WARN_UNREACHABLE_CODE = YES;
				CLANG_WARN__DUPLICATE_METHOD_MATCH = YES;
				CODE_SIGN_IDENTITY = "-";
				COPY_PHASE_STRIP = NO;
				DEBUG_INFORMATION_FORMAT = "dwarf-with-dsym";
				ENABLE_NS_ASSERTIONS = NO;
				ENABLE_STRICT_OBJC_MSGSEND = YES;
				GCC_C_LANGUAGE_STANDARD = gnu11;
				GCC_NO_COMMON_BLOCKS = YES;
				GCC_WARN_64_TO_32_BIT_CONVERSION = YES;
				GCC_WARN_ABOUT_RETURN_TYPE = YES_ERROR;
				GCC_WARN_UNDECLARED_SELECTOR = YES;
				GCC_WARN_UNINITIALIZED_AUTOS = YES_AGGRESSIVE;
				GCC_WARN_UNUSED_FUNCTION = YES;
				GCC_WARN_UNUSED_VARIABLE = YES;
				MACOSX_DEPLOYMENT_TARGET = 10.14;
				MTL_ENABLE_DEBUG_INFO = NO;
				MTL_FAST_MATH = YES;
				SDKROOT = macosx;
			};
			name = Release;
		};
		1C13A0C023544A7400194A89 /* Debug */ = {
			isa = XCBuildConfiguration;
			buildSettings = {
				CODE_SIGN_STYLE = Automatic;
				PRODUCT_NAME = "$(TARGET_NAME)";
			};
			name = Debug;
		};
		1C13A0C123544A7400194A89 /* Release */ = {
			isa = XCBuildConfiguration;
			buildSettings = {
				CODE_SIGN_STYLE = Automatic;
				PRODUCT_NAME = "$(TARGET_NAME)";
			};
			name = Release;
		};
		1C13A0E72356C3BA00194A89 /* Debug */ = {
			isa = XCBuildConfiguration;
			buildSettings = {
				ASSETCATALOG_COMPILER_APPICON_NAME = AppIcon;
				CODE_SIGN_ENTITLEMENTS = SimpleVideoExporterApp/SimpleVideoExporterApp.entitlements;
				CODE_SIGN_STYLE = Automatic;
				COMBINE_HIDPI_IMAGES = YES;
				INFOPLIST_FILE = SimpleVideoExporterApp/Info.plist;
				LD_RUNPATH_SEARCH_PATHS = (
					"$(inherited)",
					"@executable_path/../Frameworks",
				);
				MACOSX_DEPLOYMENT_TARGET = 10.13;
				PRODUCT_BUNDLE_IDENTIFIER = zjj.studio.SimpleVideoExporterApp;
				PRODUCT_NAME = "$(TARGET_NAME)";
			};
			name = Debug;
		};
		1C13A0E82356C3BA00194A89 /* Release */ = {
			isa = XCBuildConfiguration;
			buildSettings = {
				ASSETCATALOG_COMPILER_APPICON_NAME = AppIcon;
				CODE_SIGN_ENTITLEMENTS = SimpleVideoExporterApp/SimpleVideoExporterApp.entitlements;
				CODE_SIGN_STYLE = Automatic;
				COMBINE_HIDPI_IMAGES = YES;
				INFOPLIST_FILE = SimpleVideoExporterApp/Info.plist;
				LD_RUNPATH_SEARCH_PATHS = (
					"$(inherited)",
					"@executable_path/../Frameworks",
				);
				MACOSX_DEPLOYMENT_TARGET = 10.13;
				PRODUCT_BUNDLE_IDENTIFIER = zjj.studio.SimpleVideoExporterApp;
				PRODUCT_NAME = "$(TARGET_NAME)";
			};
			name = Release;
		};
/* End XCBuildConfiguration section */

/* Begin XCConfigurationList section */
		1C13A0B323544A7400194A89 /* Build configuration list for PBXProject "SimpleVideoExporter" */ = {
			isa = XCConfigurationList;
			buildConfigurations = (
				1C13A0BD23544A7400194A89 /* Debug */,
				1C13A0BE23544A7400194A89 /* Release */,
			);
			defaultConfigurationIsVisible = 0;
			defaultConfigurationName = Release;
		};
		1C13A0BF23544A7400194A89 /* Build configuration list for PBXNativeTarget "SimpleVideoExporter" */ = {
			isa = XCConfigurationList;
			buildConfigurations = (
				1C13A0C023544A7400194A89 /* Debug */,
				1C13A0C123544A7400194A89 /* Release */,
			);
			defaultConfigurationIsVisible = 0;
			defaultConfigurationName = Release;
		};
		1C13A0E62356C3BA00194A89 /* Build configuration list for PBXNativeTarget "SimpleVideoExporterApp" */ = {
			isa = XCConfigurationList;
			buildConfigurations = (
				1C13A0E72356C3BA00194A89 /* Debug */,
				1C13A0E82356C3BA00194A89 /* Release */,
			);
			defaultConfigurationIsVisible = 0;
			defaultConfigurationName = Release;
		};
/* End XCConfigurationList section */
	};
	rootObject = 1C13A0B023544A7400194A89 /* Project object */;
}
